<Solution>
  <Project Path="AspireApp1.AppHost/AspireApp1.AppHost.csproj" />
  <Project Path="AspireApp1.Server/AspireApp1.Server.csproj" />
  <Project Path="frontend/frontend.esproj">
    <Build />
    <Deploy />
  </Project>
  <Project Path="AspireApp1.BacktestApi/AspireApp1.BacktestApi.csproj" />
  <Project Path="AspireApp1.BacktestWorker/AspireApp1.BacktestWorker.csproj" />
  <Project Path="AspireApp1.Backtest.Data/AspireApp1.Backtest.Data.csproj" />
</Solution>
